
Microsoft Visual Studio Solution File, Format Version 12.00
# Visual Studio 15
VisualStudioVersion = 15.0.27703.2026
MinimumVisualStudioVersion = 10.0.40219.1
Project("{FAE04EC0-301F-11D3-BF4B-00C04F79EFBC}") = "PooVueling", "PooVueling\PooVueling.csproj", "{33E47D95-8C9A-4468-8FA8-B376E84FF1E9}"
EndProject
Project("{FAE04EC0-301F-11D3-BF4B-00C04F79EFBC}") = "PooVueling.Integration.Tests", "PooVueling.Integration.Tests\PooVueling.Integration.Tests.csproj", "{CA11C290-C9F0-4568-8209-4305B2045970}"
EndProject
Project("{FAE04EC0-301F-11D3-BF4B-00C04F79EFBC}") = "PooVueling.Unit.Tests", "PooVueling.Unit.Tests\PooVueling.Unit.Tests.csproj", "{43D73F50-5BE0-4B60-B88F-B1C8CC11BED3}"
EndProject
Global
	GlobalSection(SolutionConfigurationPlatforms) = preSolution
		Debug|Any CPU = Debug|Any CPU
		Release|Any CPU = Release|Any CPU
	EndGlobalSection
	GlobalSection(ProjectConfigurationPlatforms) = postSolution
		{33E47D95-8C9A-4468-8FA8-B376E84FF1E9}.Debug|Any CPU.ActiveCfg = Debug|Any CPU
		{33E47D95-8C9A-4468-8FA8-B376E84FF1E9}.Debug|Any CPU.Build.0 = Debug|Any CPU
		{33E47D95-8C9A-4468-8FA8-B376E84FF1E9}.Release|Any CPU.ActiveCfg = Release|Any CPU
		{33E47D95-8C9A-4468-8FA8-B376E84FF1E9}.Release|Any CPU.Build.0 = Release|Any CPU
		{CA11C290-C9F0-4568-8209-4305B2045970}.Debug|Any CPU.ActiveCfg = Debug|Any CPU
		{CA11C290-C9F0-4568-8209-4305B2045970}.Debug|Any CPU.Build.0 = Debug|Any CPU
		{CA11C290-C9F0-4568-8209-4305B2045970}.Release|Any CPU.ActiveCfg = Release|Any CPU
		{CA11C290-C9F0-4568-8209-4305B2045970}.Release|Any CPU.Build.0 = Release|Any CPU
		{43D73F50-5BE0-4B60-B88F-B1C8CC11BED3}.Debug|Any CPU.ActiveCfg = Debug|Any CPU
		{43D73F50-5BE0-4B60-B88F-B1C8CC11BED3}.Debug|Any CPU.Build.0 = Debug|Any CPU
		{43D73F50-5BE0-4B60-B88F-B1C8CC11BED3}.Release|Any CPU.ActiveCfg = Release|Any CPU
		{43D73F50-5BE0-4B60-B88F-B1C8CC11BED3}.Release|Any CPU.Build.0 = Release|Any CPU
	EndGlobalSection
	GlobalSection(SolutionProperties) = preSolution
		HideSolutionNode = FALSE
	EndGlobalSection
	GlobalSection(ExtensibilityGlobals) = postSolution
		SolutionGuid = {E85863FF-6BDC-451F-BE3E-38063501D553}
	EndGlobalSection
EndGlobal
